
Microsoft Visual Studio Solution File, Format Version 12.00
# Visual Studio Version 16
VisualStudioVersion = 16.0.31019.35
MinimumVisualStudioVersion = 10.0.40219.1
Project("{FAE04EC0-301F-11D3-BF4B-00C04F79EFBC}") = "WinChartApp", "WinChartApp\WinChartApp.csproj", "{8A31DEBA-6D06-410C-B88C-F578736AB38C}"
EndProject
Project("{FAE04EC0-301F-11D3-BF4B-00C04F79EFBC}") = "ImageViewerApp", "ImageViewerApp\ImageViewerApp.csproj", "{B2F3C8F8-F41D-47C4-8060-5EE9F5D557D4}"
EndProject
Project("{FAE04EC0-301F-11D3-BF4B-00C04F79EFBC}") = "AddressInfoApp", "AddressInfoApp\AddressInfoApp.csproj", "{56048C41-BAA5-4ED6-A9DA-C3357ED9EF7E}"
EndProject
Project("{FAE04EC0-301F-11D3-BF4B-00C04F79EFBC}") = "IoTSensorMonApp", "IoTSensorMonApp\IoTSensorMonApp.csproj", "{EF896B27-8A70-43A3-A893-59A3E1436D3F}"
EndProject
Global
	GlobalSection(SolutionConfigurationPlatforms) = preSolution
		Debug|Any CPU = Debug|Any CPU
		Release|Any CPU = Release|Any CPU
	EndGlobalSection
	GlobalSection(ProjectConfigurationPlatforms) = postSolution
		{8A31DEBA-6D06-410C-B88C-F578736AB38C}.Debug|Any CPU.ActiveCfg = Debug|Any CPU
		{8A31DEBA-6D06-410C-B88C-F578736AB38C}.Debug|Any CPU.Build.0 = Debug|Any CPU
		{8A31DEBA-6D06-410C-B88C-F578736AB38C}.Release|Any CPU.ActiveCfg = Release|Any CPU
		{8A31DEBA-6D06-410C-B88C-F578736AB38C}.Release|Any CPU.Build.0 = Release|Any CPU
		{B2F3C8F8-F41D-47C4-8060-5EE9F5D557D4}.Debug|Any CPU.ActiveCfg = Debug|Any CPU
		{B2F3C8F8-F41D-47C4-8060-5EE9F5D557D4}.Debug|Any CPU.Build.0 = Debug|Any CPU
		{B2F3C8F8-F41D-47C4-8060-5EE9F5D557D4}.Release|Any CPU.ActiveCfg = Release|Any CPU
		{B2F3C8F8-F41D-47C4-8060-5EE9F5D557D4}.Release|Any CPU.Build.0 = Release|Any CPU
		{56048C41-BAA5-4ED6-A9DA-C3357ED9EF7E}.Debug|Any CPU.ActiveCfg = Debug|Any CPU
		{56048C41-BAA5-4ED6-A9DA-C3357ED9EF7E}.Debug|Any CPU.Build.0 = Debug|Any CPU
		{56048C41-BAA5-4ED6-A9DA-C3357ED9EF7E}.Release|Any CPU.ActiveCfg = Release|Any CPU
		{56048C41-BAA5-4ED6-A9DA-C3357ED9EF7E}.Release|Any CPU.Build.0 = Release|Any CPU
		{EF896B27-8A70-43A3-A893-59A3E1436D3F}.Debug|Any CPU.ActiveCfg = Debug|Any CPU
		{EF896B27-8A70-43A3-A893-59A3E1436D3F}.Debug|Any CPU.Build.0 = Debug|Any CPU
		{EF896B27-8A70-43A3-A893-59A3E1436D3F}.Release|Any CPU.ActiveCfg = Release|Any CPU
		{EF896B27-8A70-43A3-A893-59A3E1436D3F}.Release|Any CPU.Build.0 = Release|Any CPU
	EndGlobalSection
	GlobalSection(SolutionProperties) = preSolution
		HideSolutionNode = FALSE
	EndGlobalSection
	GlobalSection(ExtensibilityGlobals) = postSolution
		SolutionGuid = {27417ABF-F112-44BB-B542-92C5B80C8DF4}
	EndGlobalSection
EndGlobal
