
Microsoft Visual Studio Solution File, Format Version 12.00
# Visual Studio Version 16
VisualStudioVersion = 16.0.31019.35
MinimumVisualStudioVersion = 10.0.40219.1
Project("{FAE04EC0-301F-11D3-BF4B-00C04F79EFBC}") = "WpfCalculatorApp", "WpfCalculatorApp\WpfCalculatorApp.csproj", "{13378E2B-5DB6-491C-8708-770250914E40}"
EndProject
Project("{FAE04EC0-301F-11D3-BF4B-00C04F79EFBC}") = "AnalogClockApp", "AnalogClockApp\AnalogClockApp.csproj", "{9447E8A9-9AD1-4205-8950-6068B7E3BCB6}"
EndProject
Project("{FAE04EC0-301F-11D3-BF4B-00C04F79EFBC}") = "MonteCarloPiApp", "MonteCarloPiApp\MonteCarloPiApp.csproj", "{FE4833EE-5414-41AE-BAC2-BADBFC113675}"
EndProject
Project("{FAE04EC0-301F-11D3-BF4B-00C04F79EFBC}") = "SnakeBiteGame", "SnakeBiteGame\SnakeBiteGame.csproj", "{00B99D89-FA01-4BCE-9D2E-31E1F1171BEB}"
EndProject
Global
	GlobalSection(SolutionConfigurationPlatforms) = preSolution
		Debug|Any CPU = Debug|Any CPU
		Release|Any CPU = Release|Any CPU
	EndGlobalSection
	GlobalSection(ProjectConfigurationPlatforms) = postSolution
		{13378E2B-5DB6-491C-8708-770250914E40}.Debug|Any CPU.ActiveCfg = Debug|Any CPU
		{13378E2B-5DB6-491C-8708-770250914E40}.Debug|Any CPU.Build.0 = Debug|Any CPU
		{13378E2B-5DB6-491C-8708-770250914E40}.Release|Any CPU.ActiveCfg = Release|Any CPU
		{13378E2B-5DB6-491C-8708-770250914E40}.Release|Any CPU.Build.0 = Release|Any CPU
		{9447E8A9-9AD1-4205-8950-6068B7E3BCB6}.Debug|Any CPU.ActiveCfg = Debug|Any CPU
		{9447E8A9-9AD1-4205-8950-6068B7E3BCB6}.Debug|Any CPU.Build.0 = Debug|Any CPU
		{9447E8A9-9AD1-4205-8950-6068B7E3BCB6}.Release|Any CPU.ActiveCfg = Release|Any CPU
		{9447E8A9-9AD1-4205-8950-6068B7E3BCB6}.Release|Any CPU.Build.0 = Release|Any CPU
		{FE4833EE-5414-41AE-BAC2-BADBFC113675}.Debug|Any CPU.ActiveCfg = Debug|Any CPU
		{FE4833EE-5414-41AE-BAC2-BADBFC113675}.Debug|Any CPU.Build.0 = Debug|Any CPU
		{FE4833EE-5414-41AE-BAC2-BADBFC113675}.Release|Any CPU.ActiveCfg = Release|Any CPU
		{FE4833EE-5414-41AE-BAC2-BADBFC113675}.Release|Any CPU.Build.0 = Release|Any CPU
		{00B99D89-FA01-4BCE-9D2E-31E1F1171BEB}.Debug|Any CPU.ActiveCfg = Debug|Any CPU
		{00B99D89-FA01-4BCE-9D2E-31E1F1171BEB}.Debug|Any CPU.Build.0 = Debug|Any CPU
		{00B99D89-FA01-4BCE-9D2E-31E1F1171BEB}.Release|Any CPU.ActiveCfg = Release|Any CPU
		{00B99D89-FA01-4BCE-9D2E-31E1F1171BEB}.Release|Any CPU.Build.0 = Release|Any CPU
	EndGlobalSection
	GlobalSection(SolutionProperties) = preSolution
		HideSolutionNode = FALSE
	EndGlobalSection
	GlobalSection(ExtensibilityGlobals) = postSolution
		SolutionGuid = {34874A08-16F3-4EF4-A847-EB994CE49C0E}
	EndGlobalSection
EndGlobal
